
Microsoft Visual Studio Solution File, Format Version 12.00
# Visual Studio Version 17
VisualStudioVersion = 17.0.32228.444
MinimumVisualStudioVersion = 10.0.40219.1
Project("{FAE04EC0-301F-11D3-BF4B-00C04F79EFBC}") = "AoC day 2 2015", "AoC day 2 2015\AoC day 2 2015.csproj", "{FBF1F270-C784-4E98-80C9-B2A75771C2E2}"
EndProject
Global
	GlobalSection(SolutionConfigurationPlatforms) = preSolution
		Debug|Any CPU = Debug|Any CPU
		Release|Any CPU = Release|Any CPU
	EndGlobalSection
	GlobalSection(ProjectConfigurationPlatforms) = postSolution
		{FBF1F270-C784-4E98-80C9-B2A75771C2E2}.Debug|Any CPU.ActiveCfg = Debug|Any CPU
		{FBF1F270-C784-4E98-80C9-B2A75771C2E2}.Debug|Any CPU.Build.0 = Debug|Any CPU
		{FBF1F270-C784-4E98-80C9-B2A75771C2E2}.Release|Any CPU.ActiveCfg = Release|Any CPU
		{FBF1F270-C784-4E98-80C9-B2A75771C2E2}.Release|Any CPU.Build.0 = Release|Any CPU
	EndGlobalSection
	GlobalSection(SolutionProperties) = preSolution
		HideSolutionNode = FALSE
	EndGlobalSection
	GlobalSection(ExtensibilityGlobals) = postSolution
		SolutionGuid = {9049CDF1-4C54-4008-A680-91CFE83CA54F}
	EndGlobalSection
EndGlobal
